// !$*UTF8*$!
{
	archiveVersion = 1;
	classes = {
	};
	objectVersion = 56;
	objects = {

/* Begin PBXBuildFile section */
		96F530D529A8768400FEB72B /* BooBooPharmacyApp.swift in Sources */ = {isa = PBXBuildFile; fileRef = 96F530D429A8768400FEB72B /* BooBooPharmacyApp.swift */; };
		96F530D729A8768400FEB72B /* ContentView.swift in Sources */ = {isa = PBXBuildFile; fileRef = 96F530D629A8768400FEB72B /* ContentView.swift */; };
		96F530D929A8768600FEB72B /* Assets.xcassets in Resources */ = {isa = PBXBuildFile; fileRef = 96F530D829A8768600FEB72B /* Assets.xcassets */; };
		96F530DC29A8768600FEB72B /* Preview Assets.xcassets in Resources */ = {isa = PBXBuildFile; fileRef = 96F530DB29A8768600FEB72B /* Preview Assets.xcassets */; };
		96F530E629A8768600FEB72B /* BooBooPharmacyTests.swift in Sources */ = {isa = PBXBuildFile; fileRef = 96F530E529A8768600FEB72B /* BooBooPharmacyTests.swift */; };
		96F530F029A8768600FEB72B /* BooBooPharmacyUITests.swift in Sources */ = {isa = PBXBuildFile; fileRef = 96F530EF29A8768600FEB72B /* BooBooPharmacyUITests.swift */; };
		96F530F229A8768600FEB72B /* BooBooPharmacyUITestsLaunchTests.swift in Sources */ = {isa = PBXBuildFile; fileRef = 96F530F129A8768600FEB72B /* BooBooPharmacyUITestsLaunchTests.swift */; };
/* End PBXBuildFile section */

/* Begin PBXContainerItemProxy section */
		96F530E229A8768600FEB72B /* PBXContainerItemProxy */ = {
			isa = PBXContainerItemProxy;
			containerPortal = 96F530C929A8768400FEB72B /* Project object */;
			proxyType = 1;
			remoteGlobalIDString = 96F530D029A8768400FEB72B;
			remoteInfo = BooBooPharmacy;
		};
		96F530EC29A8768600FEB72B /* PBXContainerItemProxy */ = {
			isa = PBXContainerItemProxy;
			containerPortal = 96F530C929A8768400FEB72B /* Project object */;
			proxyType = 1;
			remoteGlobalIDString = 96F530D029A8768400FEB72B;
			remoteInfo = BooBooPharmacy;
		};
/* End PBXContainerItemProxy section */

/* Begin PBXFileReference section */
		96F530D129A8768400FEB72B /* BooBooPharmacy.app */ = {isa = PBXFileReference; explicitFileType = wrapper.application; includeInIndex = 0; path = BooBooPharmacy.app; sourceTree = BUILT_PRODUCTS_DIR; };
		96F530D429A8768400FEB72B /* BooBooPharmacyApp.swift */ = {isa = PBXFileReference; lastKnownFileType = sourcecode.swift; path = BooBooPharmacyApp.swift; sourceTree = "<group>"; };
		96F530D629A8768400FEB72B /* ContentView.swift */ = {isa = PBXFileReference; lastKnownFileType = sourcecode.swift; path = ContentView.swift; sourceTree = "<group>"; };
		96F530D829A8768600FEB72B /* Assets.xcassets */ = {isa = PBXFileReference; lastKnownFileType = folder.assetcatalog; path = Assets.xcassets; sourceTree = "<group>"; };
		96F530DB29A8768600FEB72B /* Preview Assets.xcassets */ = {isa = PBXFileReference; lastKnownFileType = folder.assetcatalog; path = "Preview Assets.xcassets"; sourceTree = "<group>"; };
		96F530E129A8768600FEB72B /* BooBooPharmacyTests.xctest */ = {isa = PBXFileReference; explicitFileType = wrapper.cfbundle; includeInIndex = 0; path = BooBooPharmacyTests.xctest; sourceTree = BUILT_PRODUCTS_DIR; };
		96F530E529A8768600FEB72B /* BooBooPharmacyTests.swift */ = {isa = PBXFileReference; lastKnownFileType = sourcecode.swift; path = BooBooPharmacyTests.swift; sourceTree = "<group>"; };
		96F530EB29A8768600FEB72B /* BooBooPharmacyUITests.xctest */ = {isa = PBXFileReference; explicitFileType = wrapper.cfbundle; includeInIndex = 0; path = BooBooPharmacyUITests.xctest; sourceTree = BUILT_PRODUCTS_DIR; };
		96F530EF29A8768600FEB72B /* BooBooPharmacyUITests.swift */ = {isa = PBXFileReference; lastKnownFileType = sourcecode.swift; path = BooBooPharmacyUITests.swift; sourceTree = "<group>"; };
		96F530F129A8768600FEB72B /* BooBooPharmacyUITestsLaunchTests.swift */ = {isa = PBXFileReference; lastKnownFileType = sourcecode.swift; path = BooBooPharmacyUITestsLaunchTests.swift; sourceTree = "<group>"; };
/* End PBXFileReference section */

/* Begin PBXFrameworksBuildPhase section */
		96F530CE29A8768400FEB72B /* Frameworks */ = {
			isa = PBXFrameworksBuildPhase;
			buildActionMask = 2147483647;
			files = (
			);
			runOnlyForDeploymentPostprocessing = 0;
		};
		96F530DE29A8768600FEB72B /* Frameworks */ = {
			isa = PBXFrameworksBuildPhase;
			buildActionMask = 2147483647;
			files = (
			);
			runOnlyForDeploymentPostprocessing = 0;
		};
		96F530E829A8768600FEB72B /* Frameworks */ = {
			isa = PBXFrameworksBuildPhase;
			buildActionMask = 2147483647;
			files = (
			);
			runOnlyForDeploymentPostprocessing = 0;
		};
/* End PBXFrameworksBuildPhase section */

/* Begin PBXGroup section */
		96F530C829A8768400FEB72B = {
			isa = PBXGroup;
			children = (
				96F530D329A8768400FEB72B /* BooBooPharmacy */,
				96F530E429A8768600FEB72B /* BooBooPharmacyTests */,
				96F530EE29A8768600FEB72B /* BooBooPharmacyUITests */,
				96F530D229A8768400FEB72B /* Products */,
			);
			sourceTree = "<group>";
		};
		96F530D229A8768400FEB72B /* Products */ = {
			isa = PBXGroup;
			children = (
				96F530D129A8768400FEB72B /* BooBooPharmacy.app */,
				96F530E129A8768600FEB72B /* BooBooPharmacyTests.xctest */,
				96F530EB29A8768600FEB72B /* BooBooPharmacyUITests.xctest */,
			);
			name = Products;
			sourceTree = "<group>";
		};
		96F530D329A8768400FEB72B /* BooBooPharmacy */ = {
			isa = PBXGroup;
			children = (
				96F530D429A8768400FEB72B /* BooBooPharmacyApp.swift */,
				96F530D629A8768400FEB72B /* ContentView.swift */,
				96F530D829A8768600FEB72B /* Assets.xcassets */,
				96F530DA29A8768600FEB72B /* Preview Content */,
			);
			path = BooBooPharmacy;
			sourceTree = "<group>";
		};
		96F530DA29A8768600FEB72B /* Preview Content */ = {
			isa = PBXGroup;
			children = (
				96F530DB29A8768600FEB72B /* Preview Assets.xcassets */,
			);
			path = "Preview Content";
			sourceTree = "<group>";
		};
		96F530E429A8768600FEB72B /* BooBooPharmacyTests */ = {
			isa = PBXGroup;
			children = (
				96F530E529A8768600FEB72B /* BooBooPharmacyTests.swift */,
			);
			path = BooBooPharmacyTests;
			sourceTree = "<group>";
		};
		96F530EE29A8768600FEB72B /* BooBooPharmacyUITests */ = {
			isa = PBXGroup;
			children = (
				96F530EF29A8768600FEB72B /* BooBooPharmacyUITests.swift */,
				96F530F129A8768600FEB72B /* BooBooPharmacyUITestsLaunchTests.swift */,
			);
			path = BooBooPharmacyUITests;
			sourceTree = "<group>";
		};
/* End PBXGroup section */

/* Begin PBXNativeTarget section */
		96F530D029A8768400FEB72B /* BooBooPharmacy */ = {
			isa = PBXNativeTarget;
			buildConfigurationList = 96F530F529A8768600FEB72B /* Build configuration list for PBXNativeTarget "BooBooPharmacy" */;
			buildPhases = (
				96F530CD29A8768400FEB72B /* Sources */,
				96F530CE29A8768400FEB72B /* Frameworks */,
				96F530CF29A8768400FEB72B /* Resources */,
			);
			buildRules = (
			);
			dependencies = (
			);
			name = BooBooPharmacy;
			productName = BooBooPharmacy;
			productReference = 96F530D129A8768400FEB72B /* BooBooPharmacy.app */;
			productType = "com.apple.product-type.application";
		};
		96F530E029A8768600FEB72B /* BooBooPharmacyTests */ = {
			isa = PBXNativeTarget;
			buildConfigurationList = 96F530F829A8768600FEB72B /* Build configuration list for PBXNativeTarget "BooBooPharmacyTests" */;
			buildPhases = (
				96F530DD29A8768600FEB72B /* Sources */,
				96F530DE29A8768600FEB72B /* Frameworks */,
				96F530DF29A8768600FEB72B /* Resources */,
			);
			buildRules = (
			);
			dependencies = (
				96F530E329A8768600FEB72B /* PBXTargetDependency */,
			);
			name = BooBooPharmacyTests;
			productName = BooBooPharmacyTests;
			productReference = 96F530E129A8768600FEB72B /* BooBooPharmacyTests.xctest */;
			productType = "com.apple.product-type.bundle.unit-test";
		};
		96F530EA29A8768600FEB72B /* BooBooPharmacyUITests */ = {
			isa = PBXNativeTarget;
			buildConfigurationList = 96F530FB29A8768600FEB72B /* Build configuration list for PBXNativeTarget "BooBooPharmacyUITests" */;
			buildPhases = (
				96F530E729A8768600FEB72B /* Sources */,
				96F530E829A8768600FEB72B /* Frameworks */,
				96F530E929A8768600FEB72B /* Resources */,
			);
			buildRules = (
			);
			dependencies = (
				96F530ED29A8768600FEB72B /* PBXTargetDependency */,
			);
			name = BooBooPharmacyUITests;
			productName = BooBooPharmacyUITests;
			productReference = 96F530EB29A8768600FEB72B /* BooBooPharmacyUITests.xctest */;
			productType = "com.apple.product-type.bundle.ui-testing";
		};
/* End PBXNativeTarget section */

/* Begin PBXProject section */
		96F530C929A8768400FEB72B /* Project object */ = {
			isa = PBXProject;
			attributes = {
				BuildIndependentTargetsInParallel = 1;
				LastSwiftUpdateCheck = 1420;
				LastUpgradeCheck = 1420;
				TargetAttributes = {
					96F530D029A8768400FEB72B = {
						CreatedOnToolsVersion = 14.2;
					};
					96F530E029A8768600FEB72B = {
						CreatedOnToolsVersion = 14.2;
						TestTargetID = 96F530D029A8768400FEB72B;
					};
					96F530EA29A8768600FEB72B = {
						CreatedOnToolsVersion = 14.2;
						TestTargetID = 96F530D029A8768400FEB72B;
					};
				};
			};
			buildConfigurationList = 96F530CC29A8768400FEB72B /* Build configuration list for PBXProject "BooBooPharmacy" */;
			compatibilityVersion = "Xcode 14.0";
			developmentRegion = en;
			hasScannedForEncodings = 0;
			knownRegions = (
				en,
				Base,
			);
			mainGroup = 96F530C829A8768400FEB72B;
			productRefGroup = 96F530D229A8768400FEB72B /* Products */;
			projectDirPath = "";
			projectRoot = "";
			targets = (
				96F530D029A8768400FEB72B /* BooBooPharmacy */,
				96F530E029A8768600FEB72B /* BooBooPharmacyTests */,
				96F530EA29A8768600FEB72B /* BooBooPharmacyUITests */,
			);
		};
/* End PBXProject section */

/* Begin PBXResourcesBuildPhase section */
		96F530CF29A8768400FEB72B /* Resources */ = {
			isa = PBXResourcesBuildPhase;
			buildActionMask = 2147483647;
			files = (
				96F530DC29A8768600FEB72B /* Preview Assets.xcassets in Resources */,
				96F530D929A8768600FEB72B /* Assets.xcassets in Resources */,
			);
			runOnlyForDeploymentPostprocessing = 0;
		};
		96F530DF29A8768600FEB72B /* Resources */ = {
			isa = PBXResourcesBuildPhase;
			buildActionMask = 2147483647;
			files = (
			);
			runOnlyForDeploymentPostprocessing = 0;
		};
		96F530E929A8768600FEB72B /* Resources */ = {
			isa = PBXResourcesBuildPhase;
			buildActionMask = 2147483647;
			files = (
			);
			runOnlyForDeploymentPostprocessing = 0;
		};
/* End PBXResourcesBuildPhase section */

/* Begin PBXSourcesBuildPhase section */
		96F530CD29A8768400FEB72B /* Sources */ = {
			isa = PBXSourcesBuildPhase;
			buildActionMask = 2147483647;
			files = (
				96F530D729A8768400FEB72B /* ContentView.swift in Sources */,
				96F530D529A8768400FEB72B /* BooBooPharmacyApp.swift in Sources */,
			);
			runOnlyForDeploymentPostprocessing = 0;
		};
		96F530DD29A8768600FEB72B /* Sources */ = {
			isa = PBXSourcesBuildPhase;
			buildActionMask = 2147483647;
			files = (
				96F530E629A8768600FEB72B /* BooBooPharmacyTests.swift in Sources */,
			);
			runOnlyForDeploymentPostprocessing = 0;
		};
		96F530E729A8768600FEB72B /* Sources */ = {
			isa = PBXSourcesBuildPhase;
			buildActionMask = 2147483647;
			files = (
				96F530F029A8768600FEB72B /* BooBooPharmacyUITests.swift in Sources */,
				96F530F229A8768600FEB72B /* BooBooPharmacyUITestsLaunchTests.swift in Sources */,
			);
			runOnlyForDeploymentPostprocessing = 0;
		};
/* End PBXSourcesBuildPhase section */

/* Begin PBXTargetDependency section */
		96F530E329A8768600FEB72B /* PBXTargetDependency */ = {
			isa = PBXTargetDependency;
			target = 96F530D029A8768400FEB72B /* BooBooPharmacy */;
			targetProxy = 96F530E229A8768600FEB72B /* PBXContainerItemProxy */;
		};
		96F530ED29A8768600FEB72B /* PBXTargetDependency */ = {
			isa = PBXTargetDependency;
			target = 96F530D029A8768400FEB72B /* BooBooPharmacy */;
			targetProxy = 96F530EC29A8768600FEB72B /* PBXContainerItemProxy */;
		};
/* End PBXTargetDependency section */

/* Begin XCBuildConfiguration section */
		96F530F329A8768600FEB72B /* Debug */ = {
			isa = XCBuildConfiguration;
			buildSettings = {
				ALWAYS_SEARCH_USER_PATHS = NO;
				CLANG_ANALYZER_NONNULL = YES;
				CLANG_ANALYZER_NUMBER_OBJECT_CONVERSION = YES_AGGRESSIVE;
				CLANG_CXX_LANGUAGE_STANDARD = "gnu++20";
				CLANG_ENABLE_MODULES = YES;
				CLANG_ENABLE_OBJC_ARC = YES;
				CLANG_ENABLE_OBJC_WEAK = YES;
				CLANG_WARN_BLOCK_CAPTURE_AUTORELEASING = YES;
				CLANG_WARN_BOOL_CONVERSION = YES;
				CLANG_WARN_COMMA = YES;
				CLANG_WARN_CONSTANT_CONVERSION = YES;
				CLANG_WARN_DEPRECATED_OBJC_IMPLEMENTATIONS = YES;
				CLANG_WARN_DIRECT_OBJC_ISA_USAGE = YES_ERROR;
				CLANG_WARN_DOCUMENTATION_COMMENTS = YES;
				CLANG_WARN_EMPTY_BODY = YES;
				CLANG_WARN_ENUM_CONVERSION = YES;
				CLANG_WARN_INFINITE_RECURSION = YES;
				CLANG_WARN_INT_CONVERSION = YES;
				CLANG_WARN_NON_LITERAL_NULL_CONVERSION = YES;
				CLANG_WARN_OBJC_IMPLICIT_RETAIN_SELF = YES;
				CLANG_WARN_OBJC_LITERAL_CONVERSION = YES;
				CLANG_WARN_OBJC_ROOT_CLASS = YES_ERROR;
				CLANG_WARN_QUOTED_INCLUDE_IN_FRAMEWORK_HEADER = YES;
				CLANG_WARN_RANGE_LOOP_ANALYSIS = YES;
				CLANG_WARN_STRICT_PROTOTYPES = YES;
				CLANG_WARN_SUSPICIOUS_MOVE = YES;
				CLANG_WARN_UNGUARDED_AVAILABILITY = YES_AGGRESSIVE;
				CLANG_WARN_UNREACHABLE_CODE = YES;
				CLANG_WARN__DUPLICATE_METHOD_MATCH = YES;
				COPY_PHASE_STRIP = NO;
				DEBUG_INFORMATION_FORMAT = dwarf;
				ENABLE_STRICT_OBJC_MSGSEND = YES;
				ENABLE_TESTABILITY = YES;
				GCC_C_LANGUAGE_STANDARD = gnu11;
				GCC_DYNAMIC_NO_PIC = NO;
				GCC_NO_COMMON_BLOCKS = YES;
				GCC_OPTIMIZATION_LEVEL = 0;
				GCC_PREPROCESSOR_DEFINITIONS = (
					"DEBUG=1",
					"$(inherited)",
				);
				GCC_WARN_64_TO_32_BIT_CONVERSION = YES;
				GCC_WARN_ABOUT_RETURN_TYPE = YES_ERROR;
				GCC_WARN_UNDECLARED_SELECTOR = YES;
				GCC_WARN_UNINITIALIZED_AUTOS = YES_AGGRESSIVE;
				GCC_WARN_UNUSED_FUNCTION = YES;
				GCC_WARN_UNUSED_VARIABLE = YES;
				IPHONEOS_DEPLOYMENT_TARGET = 16.2;
				MTL_ENABLE_DEBUG_INFO = INCLUDE_SOURCE;
				MTL_FAST_MATH = YES;
				ONLY_ACTIVE_ARCH = YES;
				SDKROOT = iphoneos;
				SWIFT_ACTIVE_COMPILATION_CONDITIONS = DEBUG;
				SWIFT_OPTIMIZATION_LEVEL = "-Onone";
			};
			name = Debug;
		};
		96F530F429A8768600FEB72B /* Release */ = {
			isa = XCBuildConfiguration;
			buildSettings = {
				ALWAYS_SEARCH_USER_PATHS = NO;
				CLANG_ANALYZER_NONNULL = YES;
				CLANG_ANALYZER_NUMBER_OBJECT_CONVERSION = YES_AGGRESSIVE;
				CLANG_CXX_LANGUAGE_STANDARD = "gnu++20";
				CLANG_ENABLE_MODULES = YES;
				CLANG_ENABLE_OBJC_ARC = YES;
				CLANG_ENABLE_OBJC_WEAK = YES;
				CLANG_WARN_BLOCK_CAPTURE_AUTORELEASING = YES;
				CLANG_WARN_BOOL_CONVERSION = YES;
				CLANG_WARN_COMMA = YES;
				CLANG_WARN_CONSTANT_CONVERSION = YES;
				CLANG_WARN_DEPRECATED_OBJC_IMPLEMENTATIONS = YES;
				CLANG_WARN_DIRECT_OBJC_ISA_USAGE = YES_ERROR;
				CLANG_WARN_DOCUMENTATION_COMMENTS = YES;
				CLANG_WARN_EMPTY_BODY = YES;
				CLANG_WARN_ENUM_CONVERSION = YES;
				CLANG_WARN_INFINITE_RECURSION = YES;
				CLANG_WARN_INT_CONVERSION = YES;
				CLANG_WARN_NON_LITERAL_NULL_CONVERSION = YES;
				CLANG_WARN_OBJC_IMPLICIT_RETAIN_SELF = YES;
				CLANG_WARN_OBJC_LITERAL_CONVERSION = YES;
				CLANG_WARN_OBJC_ROOT_CLASS = YES_ERROR;
				CLANG_WARN_QUOTED_INCLUDE_IN_FRAMEWORK_HEADER = YES;
				CLANG_WARN_RANGE_LOOP_ANALYSIS = YES;
				CLANG_WARN_STRICT_PROTOTYPES = YES;
				CLANG_WARN_SUSPICIOUS_MOVE = YES;
				CLANG_WARN_UNGUARDED_AVAILABILITY = YES_AGGRESSIVE;
				CLANG_WARN_UNREACHABLE_CODE = YES;
				CLANG_WARN__DUPLICATE_METHOD_MATCH = YES;
				COPY_PHASE_STRIP = NO;
				DEBUG_INFORMATION_FORMAT = "dwarf-with-dsym";
				ENABLE_NS_ASSERTIONS = NO;
				ENABLE_STRICT_OBJC_MSGSEND = YES;
				GCC_C_LANGUAGE_STANDARD = gnu11;
				GCC_NO_COMMON_BLOCKS = YES;
				GCC_WARN_64_TO_32_BIT_CONVERSION = YES;
				GCC_WARN_ABOUT_RETURN_TYPE = YES_ERROR;
				GCC_WARN_UNDECLARED_SELECTOR = YES;
				GCC_WARN_UNINITIALIZED_AUTOS = YES_AGGRESSIVE;
				GCC_WARN_UNUSED_FUNCTION = YES;
				GCC_WARN_UNUSED_VARIABLE = YES;
				IPHONEOS_DEPLOYMENT_TARGET = 16.2;
				MTL_ENABLE_DEBUG_INFO = NO;
				MTL_FAST_MATH = YES;
				SDKROOT = iphoneos;
				SWIFT_COMPILATION_MODE = wholemodule;
				SWIFT_OPTIMIZATION_LEVEL = "-O";
				VALIDATE_PRODUCT = YES;
			};
			name = Release;
		};
		96F530F629A8768600FEB72B /* Debug */ = {
			isa = XCBuildConfiguration;
			buildSettings = {
				ASSETCATALOG_COMPILER_APPICON_NAME = AppIcon;
				ASSETCATALOG_COMPILER_GLOBAL_ACCENT_COLOR_NAME = AccentColor;
				CODE_SIGN_STYLE = Automatic;
				CURRENT_PROJECT_VERSION = 1;
				DEVELOPMENT_ASSET_PATHS = "\"BooBooPharmacy/Preview Content\"";
				DEVELOPMENT_TEAM = N74E93PMQ8;
				ENABLE_PREVIEWS = YES;
				GENERATE_INFOPLIST_FILE = YES;
				INFOPLIST_KEY_UIApplicationSceneManifest_Generation = YES;
				INFOPLIST_KEY_UIApplicationSupportsIndirectInputEvents = YES;
				INFOPLIST_KEY_UILaunchScreen_Generation = YES;
				INFOPLIST_KEY_UISupportedInterfaceOrientations_iPad = "UIInterfaceOrientationPortrait UIInterfaceOrientationPortraitUpsideDown UIInterfaceOrientationLandscapeLeft UIInterfaceOrientationLandscapeRight";
				INFOPLIST_KEY_UISupportedInterfaceOrientations_iPhone = "UIInterfaceOrientationPortrait UIInterfaceOrientationLandscapeLeft UIInterfaceOrientationLandscapeRight";
				LD_RUNPATH_SEARCH_PATHS = (
					"$(inherited)",
					"@executable_path/Frameworks",
				);
				MARKETING_VERSION = 1.0;
				PRODUCT_BUNDLE_IDENTIFIER = com.lingfeishengtian.BooBooPharmacy;
				PRODUCT_NAME = "$(TARGET_NAME)";
				SWIFT_EMIT_LOC_STRINGS = YES;
				SWIFT_VERSION = 5.0;
				TARGETED_DEVICE_FAMILY = "1,2";
			};
			name = Debug;
		};
		96F530F729A8768600FEB72B /* Release */ = {
			isa = XCBuildConfiguration;
			buildSettings = {
				ASSETCATALOG_COMPILER_APPICON_NAME = AppIcon;
				ASSETCATALOG_COMPILER_GLOBAL_ACCENT_COLOR_NAME = AccentColor;
				CODE_SIGN_STYLE = Automatic;
				CURRENT_PROJECT_VERSION = 1;
				DEVELOPMENT_ASSET_PATHS = "\"BooBooPharmacy/Preview Content\"";
				DEVELOPMENT_TEAM = N74E93PMQ8;
				ENABLE_PREVIEWS = YES;
				GENERATE_INFOPLIST_FILE = YES;
				INFOPLIST_KEY_UIApplicationSceneManifest_Generation = YES;
				INFOPLIST_KEY_UIApplicationSupportsIndirectInputEvents = YES;
				INFOPLIST_KEY_UILaunchScreen_Generation = YES;
				INFOPLIST_KEY_UISupportedInterfaceOrientations_iPad = "UIInterfaceOrientationPortrait UIInterfaceOrientationPortraitUpsideDown UIInterfaceOrientationLandscapeLeft UIInterfaceOrientationLandscapeRight";
				INFOPLIST_KEY_UISupportedInterfaceOrientations_iPhone = "UIInterfaceOrientationPortrait UIInterfaceOrientationLandscapeLeft UIInterfaceOrientationLandscapeRight";
				LD_RUNPATH_SEARCH_PATHS = (
					"$(inherited)",
					"@executable_path/Frameworks",
				);
				MARKETING_VERSION = 1.0;
				PRODUCT_BUNDLE_IDENTIFIER = com.lingfeishengtian.BooBooPharmacy;
				PRODUCT_NAME = "$(TARGET_NAME)";
				SWIFT_EMIT_LOC_STRINGS = YES;
				SWIFT_VERSION = 5.0;
				TARGETED_DEVICE_FAMILY = "1,2";
			};
			name = Release;
		};
		96F530F929A8768600FEB72B /* Debug */ = {
			isa = XCBuildConfiguration;
			buildSettings = {
				ALWAYS_EMBED_SWIFT_STANDARD_LIBRARIES = YES;
				BUNDLE_LOADER = "$(TEST_HOST)";
				CODE_SIGN_STYLE = Automatic;
				CURRENT_PROJECT_VERSION = 1;
				DEVELOPMENT_TEAM = N74E93PMQ8;
				GENERATE_INFOPLIST_FILE = YES;
				IPHONEOS_DEPLOYMENT_TARGET = 16.2;
				MARKETING_VERSION = 1.0;
				PRODUCT_BUNDLE_IDENTIFIER = com.lingfeishengtian.BooBooPharmacyTests;
				PRODUCT_NAME = "$(TARGET_NAME)";
				SWIFT_EMIT_LOC_STRINGS = NO;
				SWIFT_VERSION = 5.0;
				TARGETED_DEVICE_FAMILY = "1,2";
				TEST_HOST = "$(BUILT_PRODUCTS_DIR)/BooBooPharmacy.app/$(BUNDLE_EXECUTABLE_FOLDER_PATH)/BooBooPharmacy";
			};
			name = Debug;
		};
		96F530FA29A8768600FEB72B /* Release */ = {
			isa = XCBuildConfiguration;
			buildSettings = {
				ALWAYS_EMBED_SWIFT_STANDARD_LIBRARIES = YES;
				BUNDLE_LOADER = "$(TEST_HOST)";
				CODE_SIGN_STYLE = Automatic;
				CURRENT_PROJECT_VERSION = 1;
				DEVELOPMENT_TEAM = N74E93PMQ8;
				GENERATE_INFOPLIST_FILE = YES;
				IPHONEOS_DEPLOYMENT_TARGET = 16.2;
				MARKETING_VERSION = 1.0;
				PRODUCT_BUNDLE_IDENTIFIER = com.lingfeishengtian.BooBooPharmacyTests;
				PRODUCT_NAME = "$(TARGET_NAME)";
				SWIFT_EMIT_LOC_STRINGS = NO;
				SWIFT_VERSION = 5.0;
				TARGETED_DEVICE_FAMILY = "1,2";
				TEST_HOST = "$(BUILT_PRODUCTS_DIR)/BooBooPharmacy.app/$(BUNDLE_EXECUTABLE_FOLDER_PATH)/BooBooPharmacy";
			};
			name = Release;
		};
		96F530FC29A8768600FEB72B /* Debug */ = {
			isa = XCBuildConfiguration;
			buildSettings = {
				ALWAYS_EMBED_SWIFT_STANDARD_LIBRARIES = YES;
				CODE_SIGN_STYLE = Automatic;
				CURRENT_PROJECT_VERSION = 1;
				DEVELOPMENT_TEAM = N74E93PMQ8;
				GENERATE_INFOPLIST_FILE = YES;
				MARKETING_VERSION = 1.0;
				PRODUCT_BUNDLE_IDENTIFIER = com.lingfeishengtian.BooBooPharmacyUITests;
				PRODUCT_NAME = "$(TARGET_NAME)";
				SWIFT_EMIT_LOC_STRINGS = NO;
				SWIFT_VERSION = 5.0;
				TARGETED_DEVICE_FAMILY = "1,2";
				TEST_TARGET_NAME = BooBooPharmacy;
			};
			name = Debug;
		};
		96F530FD29A8768600FEB72B /* Release */ = {
			isa = XCBuildConfiguration;
			buildSettings = {
				ALWAYS_EMBED_SWIFT_STANDARD_LIBRARIES = YES;
				CODE_SIGN_STYLE = Automatic;
				CURRENT_PROJECT_VERSION = 1;
				DEVELOPMENT_TEAM = N74E93PMQ8;
				GENERATE_INFOPLIST_FILE = YES;
				MARKETING_VERSION = 1.0;
				PRODUCT_BUNDLE_IDENTIFIER = com.lingfeishengtian.BooBooPharmacyUITests;
				PRODUCT_NAME = "$(TARGET_NAME)";
				SWIFT_EMIT_LOC_STRINGS = NO;
				SWIFT_VERSION = 5.0;
				TARGETED_DEVICE_FAMILY = "1,2";
				TEST_TARGET_NAME = BooBooPharmacy;
			};
			name = Release;
		};
/* End XCBuildConfiguration section */

/* Begin XCConfigurationList section */
		96F530CC29A8768400FEB72B /* Build configuration list for PBXProject "BooBooPharmacy" */ = {
			isa = XCConfigurationList;
			buildConfigurations = (
				96F530F329A8768600FEB72B /* Debug */,
				96F530F429A8768600FEB72B /* Release */,
			);
			defaultConfigurationIsVisible = 0;
			defaultConfigurationName = Release;
		};
		96F530F529A8768600FEB72B /* Build configuration list for PBXNativeTarget "BooBooPharmacy" */ = {
			isa = XCConfigurationList;
			buildConfigurations = (
				96F530F629A8768600FEB72B /* Debug */,
				96F530F729A8768600FEB72B /* Release */,
			);
			defaultConfigurationIsVisible = 0;
			defaultConfigurationName = Release;
		};
		96F530F829A8768600FEB72B /* Build configuration list for PBXNativeTarget "BooBooPharmacyTests" */ = {
			isa = XCConfigurationList;
			buildConfigurations = (
				96F530F929A8768600FEB72B /* Debug */,
				96F530FA29A8768600FEB72B /* Release */,
			);
			defaultConfigurationIsVisible = 0;
			defaultConfigurationName = Release;
		};
		96F530FB29A8768600FEB72B /* Build configuration list for PBXNativeTarget "BooBooPharmacyUITests" */ = {
			isa = XCConfigurationList;
			buildConfigurations = (
				96F530FC29A8768600FEB72B /* Debug */,
				96F530FD29A8768600FEB72B /* Release */,
			);
			defaultConfigurationIsVisible = 0;
			defaultConfigurationName = Release;
		};
/* End XCConfigurationList section */
	};
	rootObject = 96F530C929A8768400FEB72B /* Project object */;
}
